
Microsoft Visual Studio Solution File, Format Version 12.00
# Visual Studio 15
VisualStudioVersion = 15.0.28307.329
MinimumVisualStudioVersion = 10.0.40219.1
Project("{8BC9CEB8-8B4A-11D0-8D11-00A0C91BC942}") = "Software_practice_2", "Software_practice_2\Software_practice_2.vcxproj", "{A3CC138D-E162-4EF3-B48D-CEAD82C1D078}"
EndProject
Global
	GlobalSection(SolutionConfigurationPlatforms) = preSolution
		Debug|x64 = Debug|x64
		Debug|x86 = Debug|x86
		Release|x64 = Release|x64
		Release|x86 = Release|x86
	EndGlobalSection
	GlobalSection(ProjectConfigurationPlatforms) = postSolution
		{A3CC138D-E162-4EF3-B48D-CEAD82C1D078}.Debug|x64.ActiveCfg = Debug|x64
		{A3CC138D-E162-4EF3-B48D-CEAD82C1D078}.Debug|x64.Build.0 = Debug|x64
		{A3CC138D-E162-4EF3-B48D-CEAD82C1D078}.Debug|x86.ActiveCfg = Debug|Win32
		{A3CC138D-E162-4EF3-B48D-CEAD82C1D078}.Debug|x86.Build.0 = Debug|Win32
		{A3CC138D-E162-4EF3-B48D-CEAD82C1D078}.Release|x64.ActiveCfg = Release|x64
		{A3CC138D-E162-4EF3-B48D-CEAD82C1D078}.Release|x64.Build.0 = Release|x64
		{A3CC138D-E162-4EF3-B48D-CEAD82C1D078}.Release|x86.ActiveCfg = Release|Win32
		{A3CC138D-E162-4EF3-B48D-CEAD82C1D078}.Release|x86.Build.0 = Release|Win32
	EndGlobalSection
	GlobalSection(SolutionProperties) = preSolution
		HideSolutionNode = FALSE
	EndGlobalSection
	GlobalSection(ExtensibilityGlobals) = postSolution
		SolutionGuid = {E683AC29-E8BF-4411-9090-84AE035E26F1}
	EndGlobalSection
EndGlobal
